
Microsoft Visual Studio Solution File, Format Version 12.00
# Visual Studio 2013
VisualStudioVersion = 12.0.30501.0
MinimumVisualStudioVersion = 10.0.40219.1
Project("{FAE04EC0-301F-11D3-BF4B-00C04F79EFBC}") = "EntityDiffSample", "EntityDiffSample\EntityDiffSample.csproj", "{276F4551-9B9A-4C21-8967-76A61C6C735F}"
EndProject
Project("{FAE04EC0-301F-11D3-BF4B-00C04F79EFBC}") = "EntityDiffSample.UnitTest", "EntityDiffSample.UnitTest\EntityDiffSample.UnitTest.csproj", "{DFBF1F23-6993-4D6C-AB1F-1F7A7315DDFC}"
EndProject
Global
	GlobalSection(SolutionConfigurationPlatforms) = preSolution
		Debug|Any CPU = Debug|Any CPU
		Release|Any CPU = Release|Any CPU
	EndGlobalSection
	GlobalSection(ProjectConfigurationPlatforms) = postSolution
		{276F4551-9B9A-4C21-8967-76A61C6C735F}.Debug|Any CPU.ActiveCfg = Debug|Any CPU
		{276F4551-9B9A-4C21-8967-76A61C6C735F}.Debug|Any CPU.Build.0 = Debug|Any CPU
		{276F4551-9B9A-4C21-8967-76A61C6C735F}.Release|Any CPU.ActiveCfg = Release|Any CPU
		{276F4551-9B9A-4C21-8967-76A61C6C735F}.Release|Any CPU.Build.0 = Release|Any CPU
		{DFBF1F23-6993-4D6C-AB1F-1F7A7315DDFC}.Debug|Any CPU.ActiveCfg = Debug|Any CPU
		{DFBF1F23-6993-4D6C-AB1F-1F7A7315DDFC}.Debug|Any CPU.Build.0 = Debug|Any CPU
		{DFBF1F23-6993-4D6C-AB1F-1F7A7315DDFC}.Release|Any CPU.ActiveCfg = Release|Any CPU
		{DFBF1F23-6993-4D6C-AB1F-1F7A7315DDFC}.Release|Any CPU.Build.0 = Release|Any CPU
	EndGlobalSection
	GlobalSection(SolutionProperties) = preSolution
		HideSolutionNode = FALSE
	EndGlobalSection
EndGlobal
